Microsoft Visual Studio Solution File, Format Version 11.00
# Visual Studio 2008

Project("{78D6F49E-66AE-2D20-A159-FB4824C4B9DD}") = "Prospector_Solitaire_Prototype", "Assembly-CSharp-vs.csproj", "{446E2CC0-BD17-2989-4441-088F3ECF4E5A}"
EndProject
Global
	GlobalSection(SolutionConfigurationPlatforms) = preSolution
		Debug|Any CPU = Debug|Any CPU
		Release|Any CPU = Release|Any CPU
	EndGlobalSection
	GlobalSection(ProjectConfigurationPlatforms) = postSolution
		{446E2CC0-BD17-2989-4441-088F3ECF4E5A}.Debug|Any CPU.ActiveCfg = Debug|Any CPU
		{446E2CC0-BD17-2989-4441-088F3ECF4E5A}.Debug|Any CPU.Build.0 = Debug|Any CPU
		{446E2CC0-BD17-2989-4441-088F3ECF4E5A}.Release|Any CPU.ActiveCfg = Release|Any CPU
		{446E2CC0-BD17-2989-4441-088F3ECF4E5A}.Release|Any CPU.Build.0 = Release|Any CPU
	EndGlobalSection
	GlobalSection(SolutionProperties) = preSolution
		HideSolutionNode = FALSE
	EndGlobalSection
																						GlobalSection(MonoDevelopProperties) = preSolution
		StartupItem = Assembly-CSharp.csproj
		Policies = $0
		$0.TextStylePolicy = $1
		$1.inheritsSet = null
		$1.scope = text/x-csharp
		$0.CSharpFormattingPolicy = $2
		$2.inheritsSet = Mono
		$2.inheritsScope = text/x-csharp
		$2.scope = text/x-csharp
		$0.TextStylePolicy = $3
		$3.FileWidth = 120
		$3.TabWidth = 4
		$3.EolMarker = Unix
		$3.inheritsSet = Mono
		$3.inheritsScope = text/plain
		$3.scope = text/plain
	EndGlobalSection

EndGlobal
